
Microsoft Visual Studio Solution File, Format Version 12.00
# Visual Studio Version 17
VisualStudioVersion = 17.7.34031.279
MinimumVisualStudioVersion = 10.0.40219.1
Project("{FAE04EC0-301F-11D3-BF4B-00C04F79EFBC}") = "circle", "circle\circle.csproj", "{66565989-AE6A-4158-94E6-69995E34557F}"
EndProject
Global
	GlobalSection(SolutionConfigurationPlatforms) = preSolution
		Debug|Any CPU = Debug|Any CPU
		Release|Any CPU = Release|Any CPU
	EndGlobalSection
	GlobalSection(ProjectConfigurationPlatforms) = postSolution
		{66565989-AE6A-4158-94E6-69995E34557F}.Debug|Any CPU.ActiveCfg = Debug|Any CPU
		{66565989-AE6A-4158-94E6-69995E34557F}.Debug|Any CPU.Build.0 = Debug|Any CPU
		{66565989-AE6A-4158-94E6-69995E34557F}.Release|Any CPU.ActiveCfg = Release|Any CPU
		{66565989-AE6A-4158-94E6-69995E34557F}.Release|Any CPU.Build.0 = Release|Any CPU
	EndGlobalSection
	GlobalSection(SolutionProperties) = preSolution
		HideSolutionNode = FALSE
	EndGlobalSection
	GlobalSection(ExtensibilityGlobals) = postSolution
		SolutionGuid = {DB439E19-A711-4997-BCB6-07528DDA2651}
	EndGlobalSection
EndGlobal
